<?xml version="1.0" encoding="UTF-8"?>
<Scheme
   LastUpgradeVersion = "2600"
   version = "1.7">
   <BuildAction
      parallelizeBuildables = "YES"
      buildImplicitDependencies = "YES"
      buildArchitectures = "Automatic">
      <PreActions>
         <ExecutionAction
            ActionType = "Xcode.IDEStandardExecutionActionsCore.ExecutionActionType.ShellScriptAction">
            <ActionContent
               title = "XBT Build Timer Start"
               scriptText = "&quot;/Users/jobs/.xcode-build-timer/xbt-build-hook.sh&quot; start">
               <EnvironmentBuildable>
                  <BuildableReference
                     BuildableIdentifier = "primary"
                     BlueprintIdentifier = "C50913B22F85D89000F261DA"
                     BuildableName = "JobsOCBaseConfigDemo.app"
                     BlueprintName = "JobsOCBaseConfigDemo"
                     ReferencedContainer = "container:JobsOCBaseConfigDemo.xcodeproj">
                  </BuildableReference>
               </EnvironmentBuildable>
            </ActionContent>
         </ExecutionAction>
      </PreActions>
      <PostActions>
         <ExecutionAction
            ActionType = "Xcode.IDEStandardExecutionActionsCore.ExecutionActionType.ShellScriptAction">
            <ActionContent
               title = "XBT Build Timer End"
               scriptText = "&quot;/Users/jobs/.xcode-build-timer/xbt-build-hook.sh&quot; end">
               <EnvironmentBuildable>
                  <BuildableReference
                     BuildableIdentifier = "primary"
                     BlueprintIdentifier = "C50913B22F85D89000F261DA"
                     BuildableName = "JobsOCBaseConfigDemo.app"
                     BlueprintName = "JobsOCBaseConfigDemo"
                     ReferencedContainer = "container:JobsOCBaseConfigDemo.xcodeproj">
                  </BuildableReference>
               </EnvironmentBuildable>
            </ActionContent>
         </ExecutionAction>
      </PostActions>
      <BuildActionEntries>
         <BuildActionEntry
            buildForTesting = "YES"
            buildForRunning = "YES"
            buildForProfiling = "YES"
            buildForArchiving = "YES"
            buildForAnalyzing = "YES">
            <BuildableReference
               BuildableIdentifier = "primary"
               BlueprintIdentifier = "C50913B22F85D89000F261DA"
               BuildableName = "JobsOCBaseConfigDemo.app"
               BlueprintName = "JobsOCBaseConfigDemo"
               ReferencedContainer = "container:JobsOCBaseConfigDemo.xcodeproj">
            </BuildableReference>
         </BuildActionEntry>
      </BuildActionEntries>
   </BuildAction>
   <TestAction
      buildConfiguration = "Debug"
      selectedDebuggerIdentifier = "Xcode.DebuggerFoundation.Debugger.LLDB"
      selectedLauncherIdentifier = "Xcode.DebuggerFoundation.Launcher.LLDB"
      shouldUseLaunchSchemeArgsEnv = "YES"
      shouldAutocreateTestPlan = "YES">
      <Testables>
         <TestableReference
            skipped = "NO">
            <BuildableReference
               BuildableIdentifier = "primary"
               BlueprintIdentifier = "69D04D0E6864327E0DEB658B"
               BuildableName = ".xctest"
               BlueprintName = "JobsOCBaseConfigDemoTests"
               ReferencedContainer = "container:JobsOCBaseConfigDemo.xcodeproj">
            </BuildableReference>
         </TestableReference>
         <TestableReference
            skipped = "NO">
            <BuildableReference
               BuildableIdentifier = "primary"
               BlueprintIdentifier = "96FDD6C9F32A06334CFDC851"
               BuildableName = ".xctest"
               BlueprintName = "JobsOCBaseConfigDemoUITests"
               ReferencedContainer = "container:JobsOCBaseConfigDemo.xcodeproj">
            </BuildableReference>
         </TestableReference>
      </Testables>
   </TestAction>
   <LaunchAction
      buildConfiguration = "Debug"
      selectedDebuggerIdentifier = "Xcode.DebuggerFoundation.Debugger.LLDB"
      selectedLauncherIdentifier = "Xcode.DebuggerFoundation.Launcher.LLDB"
      launchStyle = "0"
      useCustomWorkingDirectory = "NO"
      ignoresPersistentStateOnLaunch = "NO"
      debugDocumentVersioning = "YES"
      debugServiceExtension = "internal"
      allowLocationSimulation = "YES">
      <BuildableProductRunnable
         runnableDebuggingMode = "0">
         <BuildableReference
            BuildableIdentifier = "primary"
            BlueprintIdentifier = "C50913B22F85D89000F261DA"
            BuildableName = "JobsOCBaseConfigDemo.app"
            BlueprintName = "JobsOCBaseConfigDemo"
            ReferencedContainer = "container:JobsOCBaseConfigDemo.xcodeproj">
         </BuildableReference>
      </BuildableProductRunnable>
   </LaunchAction>
   <ProfileAction
      buildConfiguration = "Release"
      shouldUseLaunchSchemeArgsEnv = "YES"
      savedToolIdentifier = ""
      useCustomWorkingDirectory = "NO"
      debugDocumentVersioning = "YES">
      <BuildableProductRunnable
         runnableDebuggingMode = "0">
         <BuildableReference
            BuildableIdentifier = "primary"
            BlueprintIdentifier = "C50913B22F85D89000F261DA"
            BuildableName = "JobsOCBaseConfigDemo.app"
            BlueprintName = "JobsOCBaseConfigDemo"
            ReferencedContainer = "container:JobsOCBaseConfigDemo.xcodeproj">
         </BuildableReference>
      </BuildableProductRunnable>
   </ProfileAction>
   <AnalyzeAction
      buildConfiguration = "Debug">
   </AnalyzeAction>
   <ArchiveAction
      buildConfiguration = "Release"
      revealArchiveInOrganizer = "YES">
   </ArchiveAction>
</Scheme>
