// !$*UTF8*$!
{
	archiveVersion = 1;
	classes = {
	};
	objectVersion = 77;
	objects = {

/* Begin PBXBuildFile section */
		0914C5907BA49F2FC8811CC4 /* JobsOCBaseConfigDemoUITestsLaunchTests.m in Sources */ = {isa = PBXBuildFile; fileRef = 0E7E591D6C4D0C6BBBD252B2 /* JobsOCBaseConfigDemoUITestsLaunchTests.m */; };
		30238BC1D50902CA6D066A27 /* Pods_JobsOCBaseConfigDemo.framework in Frameworks */ = {isa = PBXBuildFile; fileRef = 8BE608D790F4B9DDF11D6090 /* Pods_JobsOCBaseConfigDemo.framework */; };
		BC1C719151A2A5E6269A5C16 /* JobsOCBaseConfigDemoTests.m in Sources */ = {isa = PBXBuildFile; fileRef = C920BD66667884C72A4E65C3 /* JobsOCBaseConfigDemoTests.m */; };
		ED67DD17E96F487CDFFD4C46 /* JobsOCBaseConfigDemoUITests.m in Sources */ = {isa = PBXBuildFile; fileRef = 1367FE9E27F6821172EED101 /* JobsOCBaseConfigDemoUITests.m */; };
/* End PBXBuildFile section */

/* Begin PBXContainerItemProxy section */
		F3B8ED201A73F88DAE06E719 /* PBXContainerItemProxy */ = {
			isa = PBXContainerItemProxy;
			containerPortal = C50913AB2F85D89000F261DA /* Project object */;
			proxyType = 1;
			remoteGlobalIDString = C50913B22F85D89000F261DA;
			remoteInfo = JobsOCBaseConfigDemo;
		};
		F9B29787503DB56003F2575B /* PBXContainerItemProxy */ = {
			isa = PBXContainerItemProxy;
			containerPortal = C50913AB2F85D89000F261DA /* Project object */;
			proxyType = 1;
			remoteGlobalIDString = C50913B22F85D89000F261DA;
			remoteInfo = JobsOCBaseConfigDemo;
		};
/* End PBXContainerItemProxy section */

/* Begin PBXFileReference section */
		0E7E591D6C4D0C6BBBD252B2 /* JobsOCBaseConfigDemoUITestsLaunchTests.m */ = {isa = PBXFileReference; includeInIndex = 1; lastKnownFileType = sourcecode.c.objc; path = JobsOCBaseConfigDemoUITestsLaunchTests.m; sourceTree = "<group>"; };
		1367FE9E27F6821172EED101 /* JobsOCBaseConfigDemoUITests.m */ = {isa = PBXFileReference; includeInIndex = 1; lastKnownFileType = sourcecode.c.objc; path = JobsOCBaseConfigDemoUITests.m; sourceTree = "<group>"; };
		2D7A8B32FCA0BE8EE44C4355 /* Pods-JobsOCBaseConfigDemo.release.xcconfig */ = {isa = PBXFileReference; includeInIndex = 1; lastKnownFileType = text.xcconfig; name = "Pods-JobsOCBaseConfigDemo.release.xcconfig"; path = "Target Support Files/Pods-JobsOCBaseConfigDemo/Pods-JobsOCBaseConfigDemo.release.xcconfig"; sourceTree = "<group>"; };
		44DC6A848D569C29C2CB5EF0 /* JobsOCBaseConfigDemoUITests.xctest */ = {isa = PBXFileReference; explicitFileType = wrapper.cfbundle; includeInIndex = 0; name = JobsOCBaseConfigDemoUITests.xctest; path = .xctest; sourceTree = BUILT_PRODUCTS_DIR; };
		8BE608D790F4B9DDF11D6090 /* Pods_JobsOCBaseConfigDemo.framework */ = {isa = PBXFileReference; explicitFileType = wrapper.framework; includeInIndex = 0; path = Pods_JobsOCBaseConfigDemo.framework; sourceTree = BUILT_PRODUCTS_DIR; };
		93E2A01E9486C0D38D8D2CA2 /* JobsOCBaseConfigDemoTests.xctest */ = {isa = PBXFileReference; explicitFileType = wrapper.cfbundle; includeInIndex = 0; name = JobsOCBaseConfigDemoTests.xctest; path = .xctest; sourceTree = BUILT_PRODUCTS_DIR; };
		AA46AFD101D1C8A58AEB979F /* JobsLinkageMenuViewDemoVC.m */ = {isa = PBXFileReference; includeInIndex = 1; lastKnownFileType = sourcecode.c.objc; name = JobsLinkageMenuViewDemoVC.m; path = "JobsOCBaseConfigDemo/业务逻辑/功能模块/Demo@JobsLinkageMenuView/JobsLinkageMenuViewDemoVC.m"; sourceTree = "<group>"; };
		ACC2478DA763882076BAE990 /* JobsLinkageMenuViewDemoVC.h */ = {isa = PBXFileReference; includeInIndex = 1; lastKnownFileType = sourcecode.c.h; name = JobsLinkageMenuViewDemoVC.h; path = "JobsOCBaseConfigDemo/业务逻辑/功能模块/Demo@JobsLinkageMenuView/JobsLinkageMenuViewDemoVC.h"; sourceTree = "<group>"; };
		C29CFD27EB7AEA326BB2966F /* Pods-JobsOCBaseConfigDemo.debug.xcconfig */ = {isa = PBXFileReference; includeInIndex = 1; lastKnownFileType = text.xcconfig; name = "Pods-JobsOCBaseConfigDemo.debug.xcconfig"; path = "Target Support Files/Pods-JobsOCBaseConfigDemo/Pods-JobsOCBaseConfigDemo.debug.xcconfig"; sourceTree = "<group>"; };
		C50913B32F85D89000F261DA /* JobsOCBaseConfigDemo.app */ = {isa = PBXFileReference; explicitFileType = wrapper.application; includeInIndex = 0; path = JobsOCBaseConfigDemo.app; sourceTree = BUILT_PRODUCTS_DIR; };
		C920BD66667884C72A4E65C3 /* JobsOCBaseConfigDemoTests.m */ = {isa = PBXFileReference; includeInIndex = 1; lastKnownFileType = sourcecode.c.objc; path = JobsOCBaseConfigDemoTests.m; sourceTree = "<group>"; };
/* End PBXFileReference section */

/* Begin PBXFileSystemSynchronizedBuildFileExceptionSet section */
		C50913CA2F85D89100F261DA /* Exceptions for "JobsOCBaseConfigDemo" folder in "JobsOCBaseConfigDemo" target */ = {
			isa = PBXFileSystemSynchronizedBuildFileExceptionSet;
			membershipExceptions = (
				"其他/iOS模拟器/iOS模拟器.md",
				"其他/libs/Json文件/【MacOS】Mock.command",
				"业务逻辑/功能模块/Demo@抽奖轮盘/ViewController/LuckyDiskDemoVC/LuckyDiskDemoVC.PNG",
				"业务逻辑/功能模块/Demo@发帖功能/发帖.png",
				"业务逻辑/功能模块/Demo@Flutter/README.md",
				"业务逻辑/Common/☀️业务模块中公用的View/自定义视图/维护/维护.png",
				"业务逻辑/Common/App工具类/3rd/JhtBanner（卡片式滑动效果）/README.md",
				"业务逻辑/Common/App工具类/3rd/WMZBanner/README.md",
				"业务逻辑/Common/App工具类/UIKits+3rd/NSObject/NSObject+LiveChat/NSObject+LiveChat.m",
				"业务逻辑/Common/App工具类/UIKits+3rd/NSObject/NSObject+MyAppTools/README.md",
				Info.plist,
			);
			target = C50913B22F85D89000F261DA /* JobsOCBaseConfigDemo */;
		};
/* End PBXFileSystemSynchronizedBuildFileExceptionSet section */

/* Begin PBXFileSystemSynchronizedRootGroup section */
		C50913B52F85D89000F261DA /* JobsOCBaseConfigDemo */ = {
			isa = PBXFileSystemSynchronizedRootGroup;
			exceptions = (
				C50913CA2F85D89100F261DA /* Exceptions for "JobsOCBaseConfigDemo" folder in "JobsOCBaseConfigDemo" target */,
			);
			path = JobsOCBaseConfigDemo;
			sourceTree = "<group>";
		};
/* End PBXFileSystemSynchronizedRootGroup section */

/* Begin PBXFrameworksBuildPhase section */
		B3CE61AE4480D9145184D050 /* Frameworks */ = {
			isa = PBXFrameworksBuildPhase;
			buildActionMask = 2147483647;
			files = (
			);
			runOnlyForDeploymentPostprocessing = 0;
		};
		C50913B02F85D89000F261DA /* Frameworks */ = {
			isa = PBXFrameworksBuildPhase;
			buildActionMask = 2147483647;
			files = (
				30238BC1D50902CA6D066A27 /* Pods_JobsOCBaseConfigDemo.framework in Frameworks */,
			);
			runOnlyForDeploymentPostprocessing = 0;
		};
		C60F4661216B1BA37FE329B7 /* Frameworks */ = {
			isa = PBXFrameworksBuildPhase;
			buildActionMask = 2147483647;
			files = (
			);
			runOnlyForDeploymentPostprocessing = 0;
		};
/* End PBXFrameworksBuildPhase section */

/* Begin PBXGroup section */
		93091DF3A4BAECE6B7AEAD38 /* Frameworks */ = {
			isa = PBXGroup;
			children = (
				8BE608D790F4B9DDF11D6090 /* Pods_JobsOCBaseConfigDemo.framework */,
			);
			name = Frameworks;
			sourceTree = "<group>";
		};
		BC633F53CA87B082B6A341B7 /* JobsOCBaseConfigDemoUITests */ = {
			isa = PBXGroup;
			children = (
				1367FE9E27F6821172EED101 /* JobsOCBaseConfigDemoUITests.m */,
				0E7E591D6C4D0C6BBBD252B2 /* JobsOCBaseConfigDemoUITestsLaunchTests.m */,
			);
			path = JobsOCBaseConfigDemoUITests;
			sourceTree = "<group>";
		};
		C50913AA2F85D89000F261DA = {
			isa = PBXGroup;
			children = (
				C50913B52F85D89000F261DA /* JobsOCBaseConfigDemo */,
				C50913B42F85D89000F261DA /* Products */,
				EA4E9321151D073227FB210E /* Pods */,
				93091DF3A4BAECE6B7AEAD38 /* Frameworks */,
				DCF1DEF79146AB572BF5E570 /* JobsOCBaseConfigDemoTests */,
				BC633F53CA87B082B6A341B7 /* JobsOCBaseConfigDemoUITests */,
				ACC2478DA763882076BAE990 /* JobsLinkageMenuViewDemoVC.h */,
				AA46AFD101D1C8A58AEB979F /* JobsLinkageMenuViewDemoVC.m */,
			);
			sourceTree = "<group>";
		};
		C50913B42F85D89000F261DA /* Products */ = {
			isa = PBXGroup;
			children = (
				C50913B32F85D89000F261DA /* JobsOCBaseConfigDemo.app */,
				93E2A01E9486C0D38D8D2CA2 /* JobsOCBaseConfigDemoTests.xctest */,
				44DC6A848D569C29C2CB5EF0 /* JobsOCBaseConfigDemoUITests.xctest */,
			);
			name = Products;
			sourceTree = "<group>";
		};
		DCF1DEF79146AB572BF5E570 /* JobsOCBaseConfigDemoTests */ = {
			isa = PBXGroup;
			children = (
				C920BD66667884C72A4E65C3 /* JobsOCBaseConfigDemoTests.m */,
			);
			path = JobsOCBaseConfigDemoTests;
			sourceTree = "<group>";
		};
		EA4E9321151D073227FB210E /* Pods */ = {
			isa = PBXGroup;
			children = (
				C29CFD27EB7AEA326BB2966F /* Pods-JobsOCBaseConfigDemo.debug.xcconfig */,
				2D7A8B32FCA0BE8EE44C4355 /* Pods-JobsOCBaseConfigDemo.release.xcconfig */,
			);
			path = Pods;
			sourceTree = "<group>";
		};
/* End PBXGroup section */

/* Begin PBXNativeTarget section */
		69D04D0E6864327E0DEB658B /* JobsOCBaseConfigDemoTests */ = {
			isa = PBXNativeTarget;
			buildConfigurationList = C6926E2D14AEDD9BD64C7731 /* Build configuration list for PBXNativeTarget "JobsOCBaseConfigDemoTests" */;
			buildPhases = (
				51E285F0FA23921602FE56B5 /* Sources */,
				C60F4661216B1BA37FE329B7 /* Frameworks */,
				FD4D768FA8471CF7F99BA321 /* Resources */,
			);
			buildRules = (
			);
			dependencies = (
				29888E9E7DF0358E4FABFCF7 /* PBXTargetDependency */,
			);
			name = JobsOCBaseConfigDemoTests;
			productName = JobsOCBaseConfigDemoTests;
			productReference = 93E2A01E9486C0D38D8D2CA2 /* JobsOCBaseConfigDemoTests.xctest */;
			productType = "com.apple.product-type.bundle.unit-test";
		};
		96FDD6C9F32A06334CFDC851 /* JobsOCBaseConfigDemoUITests */ = {
			isa = PBXNativeTarget;
			buildConfigurationList = 9BDB07E99A4D9C41EFC05CE6 /* Build configuration list for PBXNativeTarget "JobsOCBaseConfigDemoUITests" */;
			buildPhases = (
				49F8F7C4D38ED6449CEC84B2 /* Sources */,
				B3CE61AE4480D9145184D050 /* Frameworks */,
				C3982212FDC661EE00A6748A /* Resources */,
			);
			buildRules = (
			);
			dependencies = (
				2BF4C76CD6870A0A8D87132D /* PBXTargetDependency */,
			);
			name = JobsOCBaseConfigDemoUITests;
			productName = JobsOCBaseConfigDemoUITests;
			productReference = 44DC6A848D569C29C2CB5EF0 /* JobsOCBaseConfigDemoUITests.xctest */;
			productType = "com.apple.product-type.bundle.ui-testing";
		};
		C50913B22F85D89000F261DA /* JobsOCBaseConfigDemo */ = {
			isa = PBXNativeTarget;
			buildConfigurationList = C50913CB2F85D89100F261DA /* Build configuration list for PBXNativeTarget "JobsOCBaseConfigDemo" */;
			buildPhases = (
				B8C185EA73EE1F17275B1FA8 /* [CP] Check Pods Manifest.lock */,
				C50913AF2F85D89000F261DA /* Sources */,
				C50913B02F85D89000F261DA /* Frameworks */,
				C50913B12F85D89000F261DA /* Resources */,
				1D13E0B37573B0F1F7C64814 /* [CP] Embed Pods Frameworks */,
				C8BFBDB36D8EF341D337054A /* [CP] Copy Pods Resources */,
			);
			buildRules = (
			);
			dependencies = (
			);
			fileSystemSynchronizedGroups = (
				C50913B52F85D89000F261DA /* JobsOCBaseConfigDemo */,
			);
			name = JobsOCBaseConfigDemo;
			productName = JobsOCBaseConfigDemo;
			productReference = C50913B32F85D89000F261DA /* JobsOCBaseConfigDemo.app */;
			productType = "com.apple.product-type.application";
		};
/* End PBXNativeTarget section */

/* Begin PBXProject section */
		C50913AB2F85D89000F261DA /* Project object */ = {
			isa = PBXProject;
			attributes = {
				BuildIndependentTargetsInParallel = 1;
				LastUpgradeCheck = 2640;
				TargetAttributes = {
					C50913B22F85D89000F261DA = {
						CreatedOnToolsVersion = 26.4;
						LastSwiftMigration = 2640;
					};
				};
			};
			buildConfigurationList = C50913AE2F85D89000F261DA /* Build configuration list for PBXProject "JobsOCBaseConfigDemo" */;
			developmentRegion = en;
			hasScannedForEncodings = 0;
			knownRegions = (
				en,
				Base,
				"zh-Hans",
				"fil-PH",
				fil,
			);
			mainGroup = C50913AA2F85D89000F261DA;
			minimizedProjectReferenceProxies = 1;
			preferredProjectObjectVersion = 77;
			productRefGroup = C50913B42F85D89000F261DA /* Products */;
			projectDirPath = "";
			projectRoot = "";
			targets = (
				C50913B22F85D89000F261DA /* JobsOCBaseConfigDemo */,
				69D04D0E6864327E0DEB658B /* JobsOCBaseConfigDemoTests */,
				96FDD6C9F32A06334CFDC851 /* JobsOCBaseConfigDemoUITests */,
			);
		};
/* End PBXProject section */

/* Begin PBXResourcesBuildPhase section */
		C3982212FDC661EE00A6748A /* Resources */ = {
			isa = PBXResourcesBuildPhase;
			buildActionMask = 2147483647;
			files = (
			);
			runOnlyForDeploymentPostprocessing = 0;
		};
		C50913B12F85D89000F261DA /* Resources */ = {
			isa = PBXResourcesBuildPhase;
			buildActionMask = 2147483647;
			files = (
			);
			runOnlyForDeploymentPostprocessing = 0;
		};
		FD4D768FA8471CF7F99BA321 /* Resources */ = {
			isa = PBXResourcesBuildPhase;
			buildActionMask = 2147483647;
			files = (
			);
			runOnlyForDeploymentPostprocessing = 0;
		};
/* End PBXResourcesBuildPhase section */

/* Begin PBXShellScriptBuildPhase section */
		1D13E0B37573B0F1F7C64814 /* [CP] Embed Pods Frameworks */ = {
			isa = PBXShellScriptBuildPhase;
			buildActionMask = 2147483647;
			files = (
			);
			inputFileListPaths = (
			);
			name = "[CP] Embed Pods Frameworks";
			outputFileListPaths = (
			);
			runOnlyForDeploymentPostprocessing = 0;
			shellPath = /bin/sh;
			shellScript = "\"${PODS_ROOT}/Target Support Files/Pods-JobsOCBaseConfigDemo/Pods-JobsOCBaseConfigDemo-frameworks.sh\"\n";
			showEnvVarsInLog = 0;
		};
		B8C185EA73EE1F17275B1FA8 /* [CP] Check Pods Manifest.lock */ = {
			isa = PBXShellScriptBuildPhase;
			buildActionMask = 2147483647;
			files = (
			);
			inputFileListPaths = (
			);
			inputPaths = (
				"${PODS_PODFILE_DIR_PATH}/Podfile.lock",
				"${PODS_ROOT}/Manifest.lock",
			);
			name = "[CP] Check Pods Manifest.lock";
			outputFileListPaths = (
			);
			outputPaths = (
				"$(DERIVED_FILE_DIR)/Pods-JobsOCBaseConfigDemo-checkManifestLockResult.txt",
			);
			runOnlyForDeploymentPostprocessing = 0;
			shellPath = /bin/sh;
			shellScript = "diff \"${PODS_PODFILE_DIR_PATH}/Podfile.lock\" \"${PODS_ROOT}/Manifest.lock\" > /dev/null\nif [ $? != 0 ] ; then\n    # print error to STDERR\n    echo \"error: The sandbox is not in sync with the Podfile.lock. Run 'pod install' or update your CocoaPods installation.\" >&2\n    exit 1\nfi\n# This output is used by Xcode 'outputs' to avoid re-running this script phase.\necho \"SUCCESS\" > \"${SCRIPT_OUTPUT_FILE_0}\"\n";
			showEnvVarsInLog = 0;
		};
		C8BFBDB36D8EF341D337054A /* [CP] Copy Pods Resources */ = {
			isa = PBXShellScriptBuildPhase;
			buildActionMask = 2147483647;
			files = (
			);
			inputFileListPaths = (
			);
			name = "[CP] Copy Pods Resources";
			outputFileListPaths = (
			);
			runOnlyForDeploymentPostprocessing = 0;
			shellPath = /bin/sh;
			shellScript = "\"${PODS_ROOT}/Target Support Files/Pods-JobsOCBaseConfigDemo/Pods-JobsOCBaseConfigDemo-resources.sh\"\n";
			showEnvVarsInLog = 0;
		};
/* End PBXShellScriptBuildPhase section */

/* Begin PBXSourcesBuildPhase section */
		49F8F7C4D38ED6449CEC84B2 /* Sources */ = {
			isa = PBXSourcesBuildPhase;
			buildActionMask = 2147483647;
			files = (
				ED67DD17E96F487CDFFD4C46 /* JobsOCBaseConfigDemoUITests.m in Sources */,
				0914C5907BA49F2FC8811CC4 /* JobsOCBaseConfigDemoUITestsLaunchTests.m in Sources */,
			);
			runOnlyForDeploymentPostprocessing = 0;
		};
		51E285F0FA23921602FE56B5 /* Sources */ = {
			isa = PBXSourcesBuildPhase;
			buildActionMask = 2147483647;
			files = (
				BC1C719151A2A5E6269A5C16 /* JobsOCBaseConfigDemoTests.m in Sources */,
			);
			runOnlyForDeploymentPostprocessing = 0;
		};
		C50913AF2F85D89000F261DA /* Sources */ = {
			isa = PBXSourcesBuildPhase;
			buildActionMask = 2147483647;
			files = (
			);
			runOnlyForDeploymentPostprocessing = 0;
		};
/* End PBXSourcesBuildPhase section */

/* Begin PBXTargetDependency section */
		29888E9E7DF0358E4FABFCF7 /* PBXTargetDependency */ = {
			isa = PBXTargetDependency;
			name = JobsOCBaseConfigDemo;
			target = C50913B22F85D89000F261DA /* JobsOCBaseConfigDemo */;
			targetProxy = F9B29787503DB56003F2575B /* PBXContainerItemProxy */;
		};
		2BF4C76CD6870A0A8D87132D /* PBXTargetDependency */ = {
			isa = PBXTargetDependency;
			name = JobsOCBaseConfigDemo;
			target = C50913B22F85D89000F261DA /* JobsOCBaseConfigDemo */;
			targetProxy = F3B8ED201A73F88DAE06E719 /* PBXContainerItemProxy */;
		};
/* End PBXTargetDependency section */

/* Begin XCBuildConfiguration section */
		075BD5FB8F427002A5A40EFF /* Release */ = {
			isa = XCBuildConfiguration;
			buildSettings = {
				CLANG_ENABLE_OBJC_ARC = YES;
				CLANG_ENABLE_OBJC_WEAK = NO;
				CODE_SIGN_STYLE = Automatic;
				CURRENT_PROJECT_VERSION = 1;
				ENABLE_USER_SCRIPT_SANDBOXING = NO;
				GENERATE_INFOPLIST_FILE = YES;
				IPHONEOS_DEPLOYMENT_TARGET = 16.6;
				MARKETING_VERSION = 1.0;
				PRODUCT_BUNDLE_IDENTIFIER = com.jobs.JobsOCBaseConfigDemoUITests;
				SDKROOT = iphoneos;
				TARGETED_DEVICE_FAMILY = "1,2";
				TEST_TARGET_NAME = JobsOCBaseConfigDemo;
				VALIDATE_PRODUCT = YES;
			};
			name = Release;
		};
		28CE8C85E509901AEE11E34D /* Debug */ = {
			isa = XCBuildConfiguration;
			buildSettings = {
				BUNDLE_LOADER = "$(TEST_HOST)";
				CLANG_ENABLE_OBJC_ARC = YES;
				CLANG_ENABLE_OBJC_WEAK = NO;
				CODE_SIGN_STYLE = Automatic;
				CURRENT_PROJECT_VERSION = 1;
				ENABLE_USER_SCRIPT_SANDBOXING = NO;
				GENERATE_INFOPLIST_FILE = YES;
				IPHONEOS_DEPLOYMENT_TARGET = 16.6;
				MARKETING_VERSION = 1.0;
				PRODUCT_BUNDLE_IDENTIFIER = com.jobs.JobsOCBaseConfigDemoTests;
				SDKROOT = iphoneos;
				TARGETED_DEVICE_FAMILY = "1,2";
				TEST_HOST = "$(BUILT_PRODUCTS_DIR)/JobsOCBaseConfigDemo.app/$(BUNDLE_EXECUTABLE_FOLDER_PATH)/JobsOCBaseConfigDemo";
			};
			name = Debug;
		};
		A33C1EBA6EF457C95978577E /* Debug */ = {
			isa = XCBuildConfiguration;
			buildSettings = {
				CLANG_ENABLE_OBJC_ARC = YES;
				CLANG_ENABLE_OBJC_WEAK = NO;
				CODE_SIGN_STYLE = Automatic;
				CURRENT_PROJECT_VERSION = 1;
				ENABLE_USER_SCRIPT_SANDBOXING = NO;
				GENERATE_INFOPLIST_FILE = YES;
				IPHONEOS_DEPLOYMENT_TARGET = 16.6;
				MARKETING_VERSION = 1.0;
				PRODUCT_BUNDLE_IDENTIFIER = com.jobs.JobsOCBaseConfigDemoUITests;
				SDKROOT = iphoneos;
				TARGETED_DEVICE_FAMILY = "1,2";
				TEST_TARGET_NAME = JobsOCBaseConfigDemo;
			};
			name = Debug;
		};
		C2E25CB94CCEF58C361E60F0 /* Release */ = {
			isa = XCBuildConfiguration;
			buildSettings = {
				BUNDLE_LOADER = "$(TEST_HOST)";
				CLANG_ENABLE_OBJC_ARC = YES;
				CLANG_ENABLE_OBJC_WEAK = NO;
				CODE_SIGN_STYLE = Automatic;
				CURRENT_PROJECT_VERSION = 1;
				ENABLE_USER_SCRIPT_SANDBOXING = NO;
				GENERATE_INFOPLIST_FILE = YES;
				IPHONEOS_DEPLOYMENT_TARGET = 16.6;
				MARKETING_VERSION = 1.0;
				PRODUCT_BUNDLE_IDENTIFIER = com.jobs.JobsOCBaseConfigDemoTests;
				SDKROOT = iphoneos;
				TARGETED_DEVICE_FAMILY = "1,2";
				TEST_HOST = "$(BUILT_PRODUCTS_DIR)/JobsOCBaseConfigDemo.app/$(BUNDLE_EXECUTABLE_FOLDER_PATH)/JobsOCBaseConfigDemo";
				VALIDATE_PRODUCT = YES;
			};
			name = Release;
		};
		C50913CC2F85D89100F261DA /* Debug */ = {
			isa = XCBuildConfiguration;
			baseConfigurationReference = C29CFD27EB7AEA326BB2966F /* Pods-JobsOCBaseConfigDemo.debug.xcconfig */;
			buildSettings = {
				ASSETCATALOG_COMPILER_ALTERNATE_APPICON_NAMES = "AlternateIcon1 AlternateIcon2 AlternateIcon3 AlternateIcon4 AlternateIcon5";
				ASSETCATALOG_COMPILER_APPICON_NAME = AppIcon;
				ASSETCATALOG_COMPILER_GLOBAL_ACCENT_COLOR_NAME = AccentColor;
				ASSETCATALOG_COMPILER_INCLUDE_ALL_APPICON_ASSETS = YES;
				CLANG_ENABLE_MODULES = YES;
				CODE_SIGN_STYLE = Automatic;
				CURRENT_PROJECT_VERSION = 1;
				ENABLE_USER_SCRIPT_SANDBOXING = NO;
				GCC_PREFIX_HEADER = "$(PROJECT_DIR)/$(PROJECT_NAME)/Headers/$(PROJECT_NAME)PrefixHeader.pch";
				GENERATE_INFOPLIST_FILE = YES;
				INFOPLIST_FILE = JobsOCBaseConfigDemo/Info.plist;
				INFOPLIST_KEY_UIApplicationSupportsIndirectInputEvents = YES;
				INFOPLIST_KEY_UILaunchStoryboardName = LaunchScreen;
				INFOPLIST_KEY_UIMainStoryboardFile = Main;
				INFOPLIST_KEY_UISupportedInterfaceOrientations_iPad = "UIInterfaceOrientationPortrait UIInterfaceOrientationPortraitUpsideDown UIInterfaceOrientationLandscapeLeft UIInterfaceOrientationLandscapeRight";
				INFOPLIST_KEY_UISupportedInterfaceOrientations_iPhone = "UIInterfaceOrientationPortrait UIInterfaceOrientationLandscapeLeft UIInterfaceOrientationLandscapeRight";
				IPHONEOS_DEPLOYMENT_TARGET = 16.6;
				LD_RUNPATH_SEARCH_PATHS = (
					"$(inherited)",
					"@executable_path/Frameworks",
				);
				MARKETING_VERSION = 1.0;
				PRODUCT_BUNDLE_IDENTIFIER = com.JobsOCBaseConfigDemo;
				PRODUCT_NAME = "$(TARGET_NAME)";
				STRING_CATALOG_GENERATE_SYMBOLS = YES;
				SWIFT_EMIT_LOC_STRINGS = YES;
				SWIFT_OBJC_BRIDGING_HEADER = "JobsOCBaseConfigDemo/JobsOCBaseConfigDemo-Bridging-Header.h";
				SWIFT_OPTIMIZATION_LEVEL = "-Onone";
				SWIFT_VERSION = 6.0;
				TARGETED_DEVICE_FAMILY = "1,2";
			};
			name = Debug;
		};
		C50913CD2F85D89100F261DA /* Release */ = {
			isa = XCBuildConfiguration;
			baseConfigurationReference = 2D7A8B32FCA0BE8EE44C4355 /* Pods-JobsOCBaseConfigDemo.release.xcconfig */;
			buildSettings = {
				ASSETCATALOG_COMPILER_ALTERNATE_APPICON_NAMES = "AlternateIcon1 AlternateIcon2 AlternateIcon3 AlternateIcon4 AlternateIcon5";
				ASSETCATALOG_COMPILER_APPICON_NAME = AppIcon;
				ASSETCATALOG_COMPILER_GLOBAL_ACCENT_COLOR_NAME = AccentColor;
				ASSETCATALOG_COMPILER_INCLUDE_ALL_APPICON_ASSETS = YES;
				CLANG_ENABLE_MODULES = YES;
				CODE_SIGN_STYLE = Automatic;
				CURRENT_PROJECT_VERSION = 1;
				ENABLE_USER_SCRIPT_SANDBOXING = NO;
				GCC_PREFIX_HEADER = "$(PROJECT_DIR)/$(PROJECT_NAME)/Headers/$(PROJECT_NAME)PrefixHeader.pch";
				GENERATE_INFOPLIST_FILE = YES;
				INFOPLIST_FILE = JobsOCBaseConfigDemo/Info.plist;
				INFOPLIST_KEY_UIApplicationSupportsIndirectInputEvents = YES;
				INFOPLIST_KEY_UILaunchStoryboardName = LaunchScreen;
				INFOPLIST_KEY_UIMainStoryboardFile = Main;
				INFOPLIST_KEY_UISupportedInterfaceOrientations_iPad = "UIInterfaceOrientationPortrait UIInterfaceOrientationPortraitUpsideDown UIInterfaceOrientationLandscapeLeft UIInterfaceOrientationLandscapeRight";
				INFOPLIST_KEY_UISupportedInterfaceOrientations_iPhone = "UIInterfaceOrientationPortrait UIInterfaceOrientationLandscapeLeft UIInterfaceOrientationLandscapeRight";
				IPHONEOS_DEPLOYMENT_TARGET = 16.6;
				LD_RUNPATH_SEARCH_PATHS = (
					"$(inherited)",
					"@executable_path/Frameworks",
				);
				MARKETING_VERSION = 1.0;
				PRODUCT_BUNDLE_IDENTIFIER = com.JobsOCBaseConfigDemo;
				PRODUCT_NAME = "$(TARGET_NAME)";
				STRING_CATALOG_GENERATE_SYMBOLS = YES;
				SWIFT_EMIT_LOC_STRINGS = YES;
				SWIFT_OBJC_BRIDGING_HEADER = "JobsOCBaseConfigDemo/JobsOCBaseConfigDemo-Bridging-Header.h";
				SWIFT_VERSION = 6.0;
				TARGETED_DEVICE_FAMILY = "1,2";
			};
			name = Release;
		};
		C50913CE2F85D89100F261DA /* Debug */ = {
			isa = XCBuildConfiguration;
			buildSettings = {
				ALWAYS_SEARCH_USER_PATHS = NO;
				ASSETCATALOG_COMPILER_GENERATE_SWIFT_ASSET_SYMBOL_EXTENSIONS = YES;
				CLANG_ANALYZER_NONNULL = YES;
				CLANG_ANALYZER_NUMBER_OBJECT_CONVERSION = YES_AGGRESSIVE;
				CLANG_CXX_LANGUAGE_STANDARD = "gnu++20";
				CLANG_ENABLE_MODULES = YES;
				CLANG_ENABLE_OBJC_ARC = YES;
				CLANG_ENABLE_OBJC_WEAK = YES;
				CLANG_WARN_BLOCK_CAPTURE_AUTORELEASING = YES;
				CLANG_WARN_BOOL_CONVERSION = YES;
				CLANG_WARN_COMMA = YES;
				CLANG_WARN_CONSTANT_CONVERSION = YES;
				CLANG_WARN_DEPRECATED_OBJC_IMPLEMENTATIONS = YES;
				CLANG_WARN_DIRECT_OBJC_ISA_USAGE = YES_ERROR;
				CLANG_WARN_DOCUMENTATION_COMMENTS = YES;
				CLANG_WARN_EMPTY_BODY = YES;
				CLANG_WARN_ENUM_CONVERSION = YES;
				CLANG_WARN_INFINITE_RECURSION = YES;
				CLANG_WARN_INT_CONVERSION = YES;
				CLANG_WARN_NON_LITERAL_NULL_CONVERSION = YES;
				CLANG_WARN_OBJC_IMPLICIT_RETAIN_SELF = YES;
				CLANG_WARN_OBJC_LITERAL_CONVERSION = YES;
				CLANG_WARN_OBJC_ROOT_CLASS = YES_ERROR;
				CLANG_WARN_QUOTED_INCLUDE_IN_FRAMEWORK_HEADER = YES;
				CLANG_WARN_RANGE_LOOP_ANALYSIS = YES;
				CLANG_WARN_STRICT_PROTOTYPES = YES;
				CLANG_WARN_SUSPICIOUS_MOVE = YES;
				CLANG_WARN_UNGUARDED_AVAILABILITY = YES_AGGRESSIVE;
				CLANG_WARN_UNREACHABLE_CODE = YES;
				CLANG_WARN__DUPLICATE_METHOD_MATCH = YES;
				COPY_PHASE_STRIP = NO;
				DEBUG_INFORMATION_FORMAT = dwarf;
				ENABLE_STRICT_OBJC_MSGSEND = YES;
				ENABLE_TESTABILITY = YES;
				ENABLE_USER_SCRIPT_SANDBOXING = YES;
				GCC_C_LANGUAGE_STANDARD = gnu17;
				GCC_DYNAMIC_NO_PIC = NO;
				GCC_NO_COMMON_BLOCKS = YES;
				GCC_OPTIMIZATION_LEVEL = 0;
				GCC_PREPROCESSOR_DEFINITIONS = (
					"DEBUG=1",
					"$(inherited)",
				);
				GCC_WARN_64_TO_32_BIT_CONVERSION = YES;
				GCC_WARN_ABOUT_RETURN_TYPE = YES_ERROR;
				GCC_WARN_UNDECLARED_SELECTOR = YES;
				GCC_WARN_UNINITIALIZED_AUTOS = YES_AGGRESSIVE;
				GCC_WARN_UNUSED_FUNCTION = YES;
				GCC_WARN_UNUSED_VARIABLE = YES;
				IPHONEOS_DEPLOYMENT_TARGET = 26.4;
				LOCALIZATION_PREFERS_STRING_CATALOGS = YES;
				MTL_ENABLE_DEBUG_INFO = INCLUDE_SOURCE;
				MTL_FAST_MATH = YES;
				ONLY_ACTIVE_ARCH = YES;
				SDKROOT = iphoneos;
			};
			name = Debug;
		};
		C50913CF2F85D89100F261DA /* Release */ = {
			isa = XCBuildConfiguration;
			buildSettings = {
				ALWAYS_SEARCH_USER_PATHS = NO;
				ASSETCATALOG_COMPILER_GENERATE_SWIFT_ASSET_SYMBOL_EXTENSIONS = YES;
				CLANG_ANALYZER_NONNULL = YES;
				CLANG_ANALYZER_NUMBER_OBJECT_CONVERSION = YES_AGGRESSIVE;
				CLANG_CXX_LANGUAGE_STANDARD = "gnu++20";
				CLANG_ENABLE_MODULES = YES;
				CLANG_ENABLE_OBJC_ARC = YES;
				CLANG_ENABLE_OBJC_WEAK = YES;
				CLANG_WARN_BLOCK_CAPTURE_AUTORELEASING = YES;
				CLANG_WARN_BOOL_CONVERSION = YES;
				CLANG_WARN_COMMA = YES;
				CLANG_WARN_CONSTANT_CONVERSION = YES;
				CLANG_WARN_DEPRECATED_OBJC_IMPLEMENTATIONS = YES;
				CLANG_WARN_DIRECT_OBJC_ISA_USAGE = YES_ERROR;
				CLANG_WARN_DOCUMENTATION_COMMENTS = YES;
				CLANG_WARN_EMPTY_BODY = YES;
				CLANG_WARN_ENUM_CONVERSION = YES;
				CLANG_WARN_INFINITE_RECURSION = YES;
				CLANG_WARN_INT_CONVERSION = YES;
				CLANG_WARN_NON_LITERAL_NULL_CONVERSION = YES;
				CLANG_WARN_OBJC_IMPLICIT_RETAIN_SELF = YES;
				CLANG_WARN_OBJC_LITERAL_CONVERSION = YES;
				CLANG_WARN_OBJC_ROOT_CLASS = YES_ERROR;
				CLANG_WARN_QUOTED_INCLUDE_IN_FRAMEWORK_HEADER = YES;
				CLANG_WARN_RANGE_LOOP_ANALYSIS = YES;
				CLANG_WARN_STRICT_PROTOTYPES = YES;
				CLANG_WARN_SUSPICIOUS_MOVE = YES;
				CLANG_WARN_UNGUARDED_AVAILABILITY = YES_AGGRESSIVE;
				CLANG_WARN_UNREACHABLE_CODE = YES;
				CLANG_WARN__DUPLICATE_METHOD_MATCH = YES;
				COPY_PHASE_STRIP = NO;
				DEBUG_INFORMATION_FORMAT = "dwarf-with-dsym";
				ENABLE_NS_ASSERTIONS = NO;
				ENABLE_STRICT_OBJC_MSGSEND = YES;
				ENABLE_USER_SCRIPT_SANDBOXING = YES;
				GCC_C_LANGUAGE_STANDARD = gnu17;
				GCC_NO_COMMON_BLOCKS = YES;
				GCC_WARN_64_TO_32_BIT_CONVERSION = YES;
				GCC_WARN_ABOUT_RETURN_TYPE = YES_ERROR;
				GCC_WARN_UNDECLARED_SELECTOR = YES;
				GCC_WARN_UNINITIALIZED_AUTOS = YES_AGGRESSIVE;
				GCC_WARN_UNUSED_FUNCTION = YES;
				GCC_WARN_UNUSED_VARIABLE = YES;
				IPHONEOS_DEPLOYMENT_TARGET = 26.4;
				LOCALIZATION_PREFERS_STRING_CATALOGS = YES;
				MTL_ENABLE_DEBUG_INFO = NO;
				MTL_FAST_MATH = YES;
				SDKROOT = iphoneos;
				VALIDATE_PRODUCT = YES;
			};
			name = Release;
		};
/* End XCBuildConfiguration section */

/* Begin XCConfigurationList section */
		9BDB07E99A4D9C41EFC05CE6 /* Build configuration list for PBXNativeTarget "JobsOCBaseConfigDemoUITests" */ = {
			isa = XCConfigurationList;
			buildConfigurations = (
				075BD5FB8F427002A5A40EFF /* Release */,
				A33C1EBA6EF457C95978577E /* Debug */,
			);
			defaultConfigurationIsVisible = 0;
			defaultConfigurationName = Release;
		};
		C50913AE2F85D89000F261DA /* Build configuration list for PBXProject "JobsOCBaseConfigDemo" */ = {
			isa = XCConfigurationList;
			buildConfigurations = (
				C50913CE2F85D89100F261DA /* Debug */,
				C50913CF2F85D89100F261DA /* Release */,
			);
			defaultConfigurationIsVisible = 0;
			defaultConfigurationName = Release;
		};
		C50913CB2F85D89100F261DA /* Build configuration list for PBXNativeTarget "JobsOCBaseConfigDemo" */ = {
			isa = XCConfigurationList;
			buildConfigurations = (
				C50913CC2F85D89100F261DA /* Debug */,
				C50913CD2F85D89100F261DA /* Release */,
			);
			defaultConfigurationIsVisible = 0;
			defaultConfigurationName = Release;
		};
		C6926E2D14AEDD9BD64C7731 /* Build configuration list for PBXNativeTarget "JobsOCBaseConfigDemoTests" */ = {
			isa = XCConfigurationList;
			buildConfigurations = (
				C2E25CB94CCEF58C361E60F0 /* Release */,
				28CE8C85E509901AEE11E34D /* Debug */,
			);
			defaultConfigurationIsVisible = 0;
			defaultConfigurationName = Release;
		};
/* End XCConfigurationList section */
	};
	rootObject = C50913AB2F85D89000F261DA /* Project object */;
}
